
Microsoft Visual Studio Solution File, Format Version 12.00
# Visual Studio Version 16
VisualStudioVersion = 16.0.31911.196
MinimumVisualStudioVersion = 10.0.40219.1
Project("{FAE04EC0-301F-11D3-BF4B-00C04F79EFBC}") = "EntryTutorial.Android", "EntryTutorial\EntryTutorial.Android\EntryTutorial.Android.csproj", "{71B7AFA7-4D9C-4D78-916D-911A0D7CE62A}"
EndProject
Project("{FAE04EC0-301F-11D3-BF4B-00C04F79EFBC}") = "EntryTutorial", "EntryTutorial\EntryTutorial\EntryTutorial.csproj", "{98249EE0-FB34-44AF-A58A-705F84CEC0AD}"
EndProject
Global
	GlobalSection(SolutionConfigurationPlatforms) = preSolution
		Debug|Any CPU = Debug|Any CPU
		Release|Any CPU = Release|Any CPU
	EndGlobalSection
	GlobalSection(ProjectConfigurationPlatforms) = postSolution
		{71B7AFA7-4D9C-4D78-916D-911A0D7CE62A}.Debug|Any CPU.ActiveCfg = Debug|Any CPU
		{71B7AFA7-4D9C-4D78-916D-911A0D7CE62A}.Debug|Any CPU.Build.0 = Debug|Any CPU
		{71B7AFA7-4D9C-4D78-916D-911A0D7CE62A}.Debug|Any CPU.Deploy.0 = Debug|Any CPU
		{71B7AFA7-4D9C-4D78-916D-911A0D7CE62A}.Release|Any CPU.ActiveCfg = Release|Any CPU
		{71B7AFA7-4D9C-4D78-916D-911A0D7CE62A}.Release|Any CPU.Build.0 = Release|Any CPU
		{71B7AFA7-4D9C-4D78-916D-911A0D7CE62A}.Release|Any CPU.Deploy.0 = Release|Any CPU
		{98249EE0-FB34-44AF-A58A-705F84CEC0AD}.Debug|Any CPU.ActiveCfg = Debug|Any CPU
		{98249EE0-FB34-44AF-A58A-705F84CEC0AD}.Debug|Any CPU.Build.0 = Debug|Any CPU
		{98249EE0-FB34-44AF-A58A-705F84CEC0AD}.Debug|Any CPU.Deploy.0 = Debug|Any CPU
		{98249EE0-FB34-44AF-A58A-705F84CEC0AD}.Release|Any CPU.ActiveCfg = Release|Any CPU
		{98249EE0-FB34-44AF-A58A-705F84CEC0AD}.Release|Any CPU.Build.0 = Release|Any CPU
		{98249EE0-FB34-44AF-A58A-705F84CEC0AD}.Release|Any CPU.Deploy.0 = Release|Any CPU
	EndGlobalSection
	GlobalSection(SolutionProperties) = preSolution
		HideSolutionNode = FALSE
	EndGlobalSection
	GlobalSection(ExtensibilityGlobals) = postSolution
		SolutionGuid = {85512398-F868-4C73-8883-E9323A95933C}
	EndGlobalSection
EndGlobal
